
Microsoft Visual Studio Solution File, Format Version 12.00
# Visual Studio 15
VisualStudioVersion = 15.0.28010.2046
MinimumVisualStudioVersion = 10.0.40219.1
Project("{FAE04EC0-301F-11D3-BF4B-00C04F79EFBC}") = "WindowsServiceTelepeaje", "WindowsServiceTelepeaje\WindowsServiceTelepeaje.csproj", "{8056F4D8-9D8D-4E3A-91F9-DDBC71AAF368}"
EndProject
Project("{FAE04EC0-301F-11D3-BF4B-00C04F79EFBC}") = "WinFormsClientTest", "WinFormsClientTest\WinFormsClientTest.csproj", "{1546AB75-33AE-45E0-9090-F7EB6A48A42E}"
EndProject
Project("{54435603-DBB4-11D2-8724-00A0C9A8B90C}") = "WindowsServiceTelepeaje_Installer", "WindowsServiceTelepeaje_Installer\WindowsServiceTelepeaje_Installer.vdproj", "{2E4D3490-6B52-4280-9B4E-66C849C7C05B}"
EndProject
Global
	GlobalSection(SolutionConfigurationPlatforms) = preSolution
		Debug|Any CPU = Debug|Any CPU
		Release|Any CPU = Release|Any CPU
	EndGlobalSection
	GlobalSection(ProjectConfigurationPlatforms) = postSolution
		{8056F4D8-9D8D-4E3A-91F9-DDBC71AAF368}.Debug|Any CPU.ActiveCfg = Debug|Any CPU
		{8056F4D8-9D8D-4E3A-91F9-DDBC71AAF368}.Debug|Any CPU.Build.0 = Debug|Any CPU
		{8056F4D8-9D8D-4E3A-91F9-DDBC71AAF368}.Release|Any CPU.ActiveCfg = Release|Any CPU
		{8056F4D8-9D8D-4E3A-91F9-DDBC71AAF368}.Release|Any CPU.Build.0 = Release|Any CPU
		{1546AB75-33AE-45E0-9090-F7EB6A48A42E}.Debug|Any CPU.ActiveCfg = Debug|Any CPU
		{1546AB75-33AE-45E0-9090-F7EB6A48A42E}.Debug|Any CPU.Build.0 = Debug|Any CPU
		{1546AB75-33AE-45E0-9090-F7EB6A48A42E}.Release|Any CPU.ActiveCfg = Release|Any CPU
		{1546AB75-33AE-45E0-9090-F7EB6A48A42E}.Release|Any CPU.Build.0 = Release|Any CPU
		{2E4D3490-6B52-4280-9B4E-66C849C7C05B}.Debug|Any CPU.ActiveCfg = Debug
		{2E4D3490-6B52-4280-9B4E-66C849C7C05B}.Release|Any CPU.ActiveCfg = Release
	EndGlobalSection
	GlobalSection(SolutionProperties) = preSolution
		HideSolutionNode = FALSE
	EndGlobalSection
	GlobalSection(ExtensibilityGlobals) = postSolution
		SolutionGuid = {CC77377D-2C62-4C65-887B-5A52E4F5120A}
	EndGlobalSection
EndGlobal
