
Microsoft Visual Studio Solution File, Format Version 12.00
# Visual Studio Version 16
VisualStudioVersion = 16.0.31321.278
MinimumVisualStudioVersion = 10.0.40219.1
Project("{FAE04EC0-301F-11D3-BF4B-00C04F79EFBC}") = "WindowsServiceTelepeaje", "WindowsServiceTelepeaje\WindowsServiceTelepeaje.csproj", "{8056F4D8-9D8D-4E3A-91F9-DDBC71AAF368}"
EndProject
Project("{FAE04EC0-301F-11D3-BF4B-00C04F79EFBC}") = "WinFormsClientTest", "WinFormsClientTest\WinFormsClientTest.csproj", "{1546AB75-33AE-45E0-9090-F7EB6A48A42E}"
EndProject
Project("{FAE04EC0-301F-11D3-BF4B-00C04F79EFBC}") = "ServiceTelepeaje.Logic", "ServiceTelepeaje.Logic\ServiceTelepeaje.Logic.csproj", "{F750521A-F9B1-4043-AE9D-154194D9B4C1}"
EndProject
Project("{FAE04EC0-301F-11D3-BF4B-00C04F79EFBC}") = "ServiceTelepeaje.View", "ServiceTelepeaje.View\ServiceTelepeaje.View.csproj", "{917F5DF0-AC15-4D8F-A49E-0045E06C0B20}"
EndProject
Global
	GlobalSection(SolutionConfigurationPlatforms) = preSolution
		Debug|Any CPU = Debug|Any CPU
		Release|Any CPU = Release|Any CPU
	EndGlobalSection
	GlobalSection(ProjectConfigurationPlatforms) = postSolution
		{8056F4D8-9D8D-4E3A-91F9-DDBC71AAF368}.Debug|Any CPU.ActiveCfg = Debug|Any CPU
		{8056F4D8-9D8D-4E3A-91F9-DDBC71AAF368}.Debug|Any CPU.Build.0 = Debug|Any CPU
		{8056F4D8-9D8D-4E3A-91F9-DDBC71AAF368}.Release|Any CPU.ActiveCfg = Release|Any CPU
		{8056F4D8-9D8D-4E3A-91F9-DDBC71AAF368}.Release|Any CPU.Build.0 = Release|Any CPU
		{1546AB75-33AE-45E0-9090-F7EB6A48A42E}.Debug|Any CPU.ActiveCfg = Debug|Any CPU
		{1546AB75-33AE-45E0-9090-F7EB6A48A42E}.Debug|Any CPU.Build.0 = Debug|Any CPU
		{1546AB75-33AE-45E0-9090-F7EB6A48A42E}.Release|Any CPU.ActiveCfg = Release|Any CPU
		{1546AB75-33AE-45E0-9090-F7EB6A48A42E}.Release|Any CPU.Build.0 = Release|Any CPU
		{F750521A-F9B1-4043-AE9D-154194D9B4C1}.Debug|Any CPU.ActiveCfg = Debug|Any CPU
		{F750521A-F9B1-4043-AE9D-154194D9B4C1}.Debug|Any CPU.Build.0 = Debug|Any CPU
		{F750521A-F9B1-4043-AE9D-154194D9B4C1}.Release|Any CPU.ActiveCfg = Release|Any CPU
		{F750521A-F9B1-4043-AE9D-154194D9B4C1}.Release|Any CPU.Build.0 = Release|Any CPU
		{917F5DF0-AC15-4D8F-A49E-0045E06C0B20}.Debug|Any CPU.ActiveCfg = Debug|Any CPU
		{917F5DF0-AC15-4D8F-A49E-0045E06C0B20}.Debug|Any CPU.Build.0 = Debug|Any CPU
		{917F5DF0-AC15-4D8F-A49E-0045E06C0B20}.Release|Any CPU.ActiveCfg = Release|Any CPU
		{917F5DF0-AC15-4D8F-A49E-0045E06C0B20}.Release|Any CPU.Build.0 = Release|Any CPU
	EndGlobalSection
	GlobalSection(SolutionProperties) = preSolution
		HideSolutionNode = FALSE
	EndGlobalSection
	GlobalSection(ExtensibilityGlobals) = postSolution
		SolutionGuid = {CC77377D-2C62-4C65-887B-5A52E4F5120A}
	EndGlobalSection
EndGlobal
